
Microsoft Visual Studio Solution File, Format Version 12.00
# Visual Studio Version 16
VisualStudioVersion = 16.0.30413.136
MinimumVisualStudioVersion = 10.0.40219.1
Project("{8BC9CEB8-8B4A-11D0-8D11-00A0C91BC942}") = "Progect 2", "Progect 2.vcxproj", "{1CF610A8-895A-4E0B-9272-DE8EB227B5BD}"
EndProject
Global
	GlobalSection(SolutionConfigurationPlatforms) = preSolution
		Debug|x64 = Debug|x64
		Debug|x86 = Debug|x86
		Release|x64 = Release|x64
		Release|x86 = Release|x86
	EndGlobalSection
	GlobalSection(ProjectConfigurationPlatforms) = postSolution
		{1CF610A8-895A-4E0B-9272-DE8EB227B5BD}.Debug|x64.ActiveCfg = Debug|x64
		{1CF610A8-895A-4E0B-9272-DE8EB227B5BD}.Debug|x64.Build.0 = Debug|x64
		{1CF610A8-895A-4E0B-9272-DE8EB227B5BD}.Debug|x86.ActiveCfg = Debug|Win32
		{1CF610A8-895A-4E0B-9272-DE8EB227B5BD}.Debug|x86.Build.0 = Debug|Win32
		{1CF610A8-895A-4E0B-9272-DE8EB227B5BD}.Release|x64.ActiveCfg = Release|x64
		{1CF610A8-895A-4E0B-9272-DE8EB227B5BD}.Release|x64.Build.0 = Release|x64
		{1CF610A8-895A-4E0B-9272-DE8EB227B5BD}.Release|x86.ActiveCfg = Release|Win32
		{1CF610A8-895A-4E0B-9272-DE8EB227B5BD}.Release|x86.Build.0 = Release|Win32
	EndGlobalSection
	GlobalSection(SolutionProperties) = preSolution
		HideSolutionNode = FALSE
	EndGlobalSection
	GlobalSection(ExtensibilityGlobals) = postSolution
		SolutionGuid = {6AE95211-138C-4A86-B5BF-860BB60D505C}
	EndGlobalSection
EndGlobal
