
Microsoft Visual Studio Solution File, Format Version 12.00
# Visual Studio Version 16
VisualStudioVersion = 16.0.30503.244
MinimumVisualStudioVersion = 10.0.40219.1
Project("{8BC9CEB8-8B4A-11D0-8D11-00A0C91BC942}") = "Project_5.1", "Project_5.1.vcxproj", "{9E992EE1-C865-4D54-B5F7-4E03D269887C}"
EndProject
Global
	GlobalSection(SolutionConfigurationPlatforms) = preSolution
		Debug|x64 = Debug|x64
		Debug|x86 = Debug|x86
		Release|x64 = Release|x64
		Release|x86 = Release|x86
	EndGlobalSection
	GlobalSection(ProjectConfigurationPlatforms) = postSolution
		{9E992EE1-C865-4D54-B5F7-4E03D269887C}.Debug|x64.ActiveCfg = Debug|x64
		{9E992EE1-C865-4D54-B5F7-4E03D269887C}.Debug|x64.Build.0 = Debug|x64
		{9E992EE1-C865-4D54-B5F7-4E03D269887C}.Debug|x86.ActiveCfg = Debug|Win32
		{9E992EE1-C865-4D54-B5F7-4E03D269887C}.Debug|x86.Build.0 = Debug|Win32
		{9E992EE1-C865-4D54-B5F7-4E03D269887C}.Release|x64.ActiveCfg = Release|x64
		{9E992EE1-C865-4D54-B5F7-4E03D269887C}.Release|x64.Build.0 = Release|x64
		{9E992EE1-C865-4D54-B5F7-4E03D269887C}.Release|x86.ActiveCfg = Release|Win32
		{9E992EE1-C865-4D54-B5F7-4E03D269887C}.Release|x86.Build.0 = Release|Win32
	EndGlobalSection
	GlobalSection(SolutionProperties) = preSolution
		HideSolutionNode = FALSE
	EndGlobalSection
	GlobalSection(ExtensibilityGlobals) = postSolution
		SolutionGuid = {F8530C05-754A-45B5-93F3-937C99A5FD8B}
	EndGlobalSection
EndGlobal
