
Microsoft Visual Studio Solution File, Format Version 12.00
# Visual Studio Version 16
VisualStudioVersion = 16.0.30503.244
MinimumVisualStudioVersion = 10.0.40219.1
Project("{8BC9CEB8-8B4A-11D0-8D11-00A0C91BC942}") = "Project_3.3", "Project_3.3.vcxproj", "{73B91051-EF45-4114-851C-CB0B4F59C173}"
EndProject
Global
	GlobalSection(SolutionConfigurationPlatforms) = preSolution
		Debug|x64 = Debug|x64
		Debug|x86 = Debug|x86
		Release|x64 = Release|x64
		Release|x86 = Release|x86
	EndGlobalSection
	GlobalSection(ProjectConfigurationPlatforms) = postSolution
		{73B91051-EF45-4114-851C-CB0B4F59C173}.Debug|x64.ActiveCfg = Debug|x64
		{73B91051-EF45-4114-851C-CB0B4F59C173}.Debug|x64.Build.0 = Debug|x64
		{73B91051-EF45-4114-851C-CB0B4F59C173}.Debug|x86.ActiveCfg = Debug|Win32
		{73B91051-EF45-4114-851C-CB0B4F59C173}.Debug|x86.Build.0 = Debug|Win32
		{73B91051-EF45-4114-851C-CB0B4F59C173}.Release|x64.ActiveCfg = Release|x64
		{73B91051-EF45-4114-851C-CB0B4F59C173}.Release|x64.Build.0 = Release|x64
		{73B91051-EF45-4114-851C-CB0B4F59C173}.Release|x86.ActiveCfg = Release|Win32
		{73B91051-EF45-4114-851C-CB0B4F59C173}.Release|x86.Build.0 = Release|Win32
	EndGlobalSection
	GlobalSection(SolutionProperties) = preSolution
		HideSolutionNode = FALSE
	EndGlobalSection
	GlobalSection(ExtensibilityGlobals) = postSolution
		SolutionGuid = {B738FF96-E93D-490A-BC9A-BE453C9A5B1F}
	EndGlobalSection
EndGlobal
