
Microsoft Visual Studio Solution File, Format Version 12.00
# Visual Studio Version 16
VisualStudioVersion = 16.0.30503.244
MinimumVisualStudioVersion = 10.0.40219.1
Project("{8BC9CEB8-8B4A-11D0-8D11-00A0C91BC942}") = "Project_7.7", "Project_7.7.vcxproj", "{CC2F431E-3276-49A8-A54F-763A39E2D2FE}"
EndProject
Global
	GlobalSection(SolutionConfigurationPlatforms) = preSolution
		Debug|x64 = Debug|x64
		Debug|x86 = Debug|x86
		Release|x64 = Release|x64
		Release|x86 = Release|x86
	EndGlobalSection
	GlobalSection(ProjectConfigurationPlatforms) = postSolution
		{CC2F431E-3276-49A8-A54F-763A39E2D2FE}.Debug|x64.ActiveCfg = Debug|x64
		{CC2F431E-3276-49A8-A54F-763A39E2D2FE}.Debug|x64.Build.0 = Debug|x64
		{CC2F431E-3276-49A8-A54F-763A39E2D2FE}.Debug|x86.ActiveCfg = Debug|Win32
		{CC2F431E-3276-49A8-A54F-763A39E2D2FE}.Debug|x86.Build.0 = Debug|Win32
		{CC2F431E-3276-49A8-A54F-763A39E2D2FE}.Release|x64.ActiveCfg = Release|x64
		{CC2F431E-3276-49A8-A54F-763A39E2D2FE}.Release|x64.Build.0 = Release|x64
		{CC2F431E-3276-49A8-A54F-763A39E2D2FE}.Release|x86.ActiveCfg = Release|Win32
		{CC2F431E-3276-49A8-A54F-763A39E2D2FE}.Release|x86.Build.0 = Release|Win32
	EndGlobalSection
	GlobalSection(SolutionProperties) = preSolution
		HideSolutionNode = FALSE
	EndGlobalSection
	GlobalSection(ExtensibilityGlobals) = postSolution
		SolutionGuid = {2D4C117B-98C8-475C-8769-F2CD7A9DE56B}
	EndGlobalSection
EndGlobal
